<?xml version="1.0" encoding="utf-8"?>
<Project ToolsVersion="16.0" xmlns="http://schemas.microsoft.com/developer/msbuild/2003">
  <ItemGroup>
    <ClCompile Include="E:\dev\Projects\CPP-test\cmake\t1\main.c">
      <Filter>Source Files</Filter>
    </ClCompile>
  </ItemGroup>
  <ItemGroup>
    <CustomBuild Include="E:\dev\Projects\CPP-test\cmake\t1\CMakeLists.txt" />
  </ItemGroup>
  <ItemGroup>
    <Filter Include="Source Files">
      <UniqueIdentifier>{1B39CC20-7BA5-31D4-92BF-FBBA278CD2FB}</UniqueIdentifier>
    </Filter>
  </ItemGroup>
</Project>
