<?xml version="1.0" encoding="utf-8"?>
<Project ToolsVersion="16.0" xmlns="http://schemas.microsoft.com/developer/msbuild/2003">
  <ItemGroup>
    <CustomBuild Include="E:\ZJU\ZJU-\20190705短学期C++项目管理及工程实践\CPP-test\cmake\t1\build\CMakeFiles\06a65b199873636d9871d8034c9ee375\generate.stamp.rule">
      <Filter>CMake Rules</Filter>
    </CustomBuild>
  </ItemGroup>
  <ItemGroup>
    <Filter Include="CMake Rules">
      <UniqueIdentifier>{A349DF21-C501-3BE6-A9A4-0A3D8C107D93}</UniqueIdentifier>
    </Filter>
  </ItemGroup>
</Project>
